<Solution>
  <Folder Name="/Gaida Library/">
    <Project Path="Gaida Library/Gaida.CLI/Gaida.CLI.csproj" />
    <Project Path="Gaida Library/Gaida.Admin/Gaida.Admin.csproj" />
    <Project Path="Gaida Library/Gaida.Core/Gaida.Core.csproj" />
  </Folder>
  <Folder Name="/Tests/">
    <Project Path="Tests/Gaida.Tests/Gaida.Tests.csproj" />
    <Project Path="Tests/Pods.Tests/Pods.Tests.csproj" />
  </Folder>
  <Folder Name="/Platforms/">
    <Project Path="Platforms/Gaida.Pods.MusicDatabase/Gaida.Pods.MusicDatabase.csproj" />
    <Project Path="Platforms/Gaida.Pods.YouTube/Gaida.Pods.YouTube.csproj" />
    <Project Path="Platforms/Gaida.Platforms.MusicDatabase/Gaida.Platforms.MusicDatabase.csproj" />
    <Project Path="Platforms/Gaida.Platforms.YouTube/Gaida.Platforms.YouTube.csproj" />
  </Folder>
  <Folder Name="/Services/">
    <Project Path="Services/Dunav/Dunav.csproj" />
    <Project Path="Services/Oko/Oko.csproj" />
    <Project Path="Services/Gaida.API/Gaida.API.csproj" />
    <Project Path="Services/Gaida.Bot/Gaida.Bot.csproj" />
    <Project Path="Services/Selo/Selo.csproj" />
    <Project Path="Services/Dom/Dom.csproj" />
    <Project Path="Services/Stih/Stih.csproj" />
  </Folder>
</Solution>
